// !$*UTF8*$!
{
	archiveVersion = 1;
	classes = {
	};
	objectVersion = 50;
	objects = {

/* Begin PBXBuildFile section */
		840CF1DC20B9FC2000CFC546 /* YahooFinanceCSVReader.cpp in Sources */ = {isa = PBXBuildFile; fileRef = 840CF1DA20B9FC2000CFC546 /* YahooFinanceCSVReader.cpp */; };
		F462E25F20B912B4002D3A62 /* main.cpp in Sources */ = {isa = PBXBuildFile; fileRef = F462E25E20B912B4002D3A62 /* main.cpp */; };
		F462E26920BB3BC3002D3A62 /* MarketDataFrame.cpp in Sources */ = {isa = PBXBuildFile; fileRef = F462E26820BB3BC3002D3A62 /* MarketDataFrame.cpp */; };
		F4B7553820BDA07A00B9FFCB /* data.cpp in Sources */ = {isa = PBXBuildFile; fileRef = F4B7553620BDA07A00B9FFCB /* data.cpp */; };
		F4B7553B20BDA97F00B9FFCB /* events.cpp in Sources */ = {isa = PBXBuildFile; fileRef = F4B7553920BDA97F00B9FFCB /* events.cpp */; };
/* End PBXBuildFile section */

/* Begin PBXCopyFilesBuildPhase section */
		F462E25920B912B4002D3A62 /* CopyFiles */ = {
			isa = PBXCopyFilesBuildPhase;
			buildActionMask = 2147483647;
			dstPath = /usr/share/man/man1/;
			dstSubfolderSpec = 0;
			files = (
			);
			runOnlyForDeploymentPostprocessing = 1;
		};
/* End PBXCopyFilesBuildPhase section */

/* Begin PBXFileReference section */
		840CF1DA20B9FC2000CFC546 /* YahooFinanceCSVReader.cpp */ = {isa = PBXFileReference; lastKnownFileType = sourcecode.cpp.cpp; path = YahooFinanceCSVReader.cpp; sourceTree = "<group>"; };
		840CF1DB20B9FC2000CFC546 /* YahooFinanceCSVReader.hpp */ = {isa = PBXFileReference; lastKnownFileType = sourcecode.cpp.h; path = YahooFinanceCSVReader.hpp; sourceTree = "<group>"; };
		8435F58A20BA471B00BA94F7 /* cookies.txt */ = {isa = PBXFileReference; lastKnownFileType = text; path = cookies.txt; sourceTree = "<group>"; };
		8435F58B20BA5A2A00BA94F7 /* crumb.txt */ = {isa = PBXFileReference; lastKnownFileType = text; path = crumb.txt; sourceTree = "<group>"; };
		F462E25B20B912B4002D3A62 /* Backtest Environment */ = {isa = PBXFileReference; explicitFileType = "compiled.mach-o.executable"; includeInIndex = 0; path = "Backtest Environment"; sourceTree = BUILT_PRODUCTS_DIR; };
		F462E25E20B912B4002D3A62 /* main.cpp */ = {isa = PBXFileReference; lastKnownFileType = sourcecode.cpp.cpp; path = main.cpp; sourceTree = "<group>"; };
		F462E26620BB2D47002D3A62 /* MarketDataFrame.hpp */ = {isa = PBXFileReference; lastKnownFileType = sourcecode.cpp.h; path = MarketDataFrame.hpp; sourceTree = "<group>"; };
		F462E26820BB3BC3002D3A62 /* MarketDataFrame.cpp */ = {isa = PBXFileReference; lastKnownFileType = sourcecode.cpp.cpp; path = MarketDataFrame.cpp; sourceTree = "<group>"; };
		F4B7553620BDA07A00B9FFCB /* data.cpp */ = {isa = PBXFileReference; lastKnownFileType = sourcecode.cpp.cpp; path = data.cpp; sourceTree = "<group>"; };
		F4B7553720BDA07A00B9FFCB /* data.hpp */ = {isa = PBXFileReference; lastKnownFileType = sourcecode.cpp.h; path = data.hpp; sourceTree = "<group>"; };
		F4B7553920BDA97F00B9FFCB /* events.cpp */ = {isa = PBXFileReference; lastKnownFileType = sourcecode.cpp.cpp; path = events.cpp; sourceTree = "<group>"; };
		F4B7553A20BDA97F00B9FFCB /* events.hpp */ = {isa = PBXFileReference; lastKnownFileType = sourcecode.cpp.h; path = events.hpp; sourceTree = "<group>"; };
/* End PBXFileReference section */

/* Begin PBXFrameworksBuildPhase section */
		F462E25820B912B4002D3A62 /* Frameworks */ = {
			isa = PBXFrameworksBuildPhase;
			buildActionMask = 2147483647;
			files = (
			);
			runOnlyForDeploymentPostprocessing = 0;
		};
/* End PBXFrameworksBuildPhase section */

/* Begin PBXGroup section */
		845AD71820BA16CD000AE3F9 /* Data Handling */ = {
			isa = PBXGroup;
			children = (
				F431917620BCDAED001D28BA /* CSV directory */,
				840CF1DA20B9FC2000CFC546 /* YahooFinanceCSVReader.cpp */,
				840CF1DB20B9FC2000CFC546 /* YahooFinanceCSVReader.hpp */,
				F462E26820BB3BC3002D3A62 /* MarketDataFrame.cpp */,
				F462E26620BB2D47002D3A62 /* MarketDataFrame.hpp */,
				8435F58A20BA471B00BA94F7 /* cookies.txt */,
				8435F58B20BA5A2A00BA94F7 /* crumb.txt */,
			);
			path = "Data Handling";
			sourceTree = "<group>";
		};
		F431917620BCDAED001D28BA /* CSV directory */ = {
			isa = PBXGroup;
			children = (
			);
			path = "CSV directory";
			sourceTree = "<group>";
		};
		F462E25220B912B4002D3A62 = {
			isa = PBXGroup;
			children = (
				F462E25D20B912B4002D3A62 /* Backtest Environment */,
				F462E25C20B912B4002D3A62 /* Products */,
			);
			sourceTree = "<group>";
		};
		F462E25C20B912B4002D3A62 /* Products */ = {
			isa = PBXGroup;
			children = (
				F462E25B20B912B4002D3A62 /* Backtest Environment */,
			);
			name = Products;
			sourceTree = "<group>";
		};
		F462E25D20B912B4002D3A62 /* Backtest Environment */ = {
			isa = PBXGroup;
			children = (
				F462E25E20B912B4002D3A62 /* main.cpp */,
				F4B7553920BDA97F00B9FFCB /* events.cpp */,
				F4B7553A20BDA97F00B9FFCB /* events.hpp */,
				F4B7553620BDA07A00B9FFCB /* data.cpp */,
				F4B7553720BDA07A00B9FFCB /* data.hpp */,
				845AD71820BA16CD000AE3F9 /* Data Handling */,
			);
			path = "Backtest Environment";
			sourceTree = "<group>";
		};
/* End PBXGroup section */

/* Begin PBXNativeTarget section */
		F462E25A20B912B4002D3A62 /* Backtest Environment */ = {
			isa = PBXNativeTarget;
			buildConfigurationList = F462E26220B912B4002D3A62 /* Build configuration list for PBXNativeTarget "Backtest Environment" */;
			buildPhases = (
				F462E25720B912B4002D3A62 /* Sources */,
				F462E25820B912B4002D3A62 /* Frameworks */,
				F462E25920B912B4002D3A62 /* CopyFiles */,
			);
			buildRules = (
			);
			dependencies = (
			);
			name = "Backtest Environment";
			productName = "Backtest Environment";
			productReference = F462E25B20B912B4002D3A62 /* Backtest Environment */;
			productType = "com.apple.product-type.tool";
		};
/* End PBXNativeTarget section */

/* Begin PBXProject section */
		F462E25320B912B4002D3A62 /* Project object */ = {
			isa = PBXProject;
			attributes = {
				LastUpgradeCheck = 0930;
				ORGANIZATIONNAME = "Evan Kirkiles";
				TargetAttributes = {
					F462E25A20B912B4002D3A62 = {
						CreatedOnToolsVersion = 9.3.1;
					};
				};
			};
			buildConfigurationList = F462E25620B912B4002D3A62 /* Build configuration list for PBXProject "Backtest Environment" */;
			compatibilityVersion = "Xcode 9.3";
			developmentRegion = en;
			hasScannedForEncodings = 0;
			knownRegions = (
				en,
			);
			mainGroup = F462E25220B912B4002D3A62;
			productRefGroup = F462E25C20B912B4002D3A62 /* Products */;
			projectDirPath = "";
			projectRoot = "";
			targets = (
				F462E25A20B912B4002D3A62 /* Backtest Environment */,
			);
		};
/* End PBXProject section */

/* Begin PBXSourcesBuildPhase section */
		F462E25720B912B4002D3A62 /* Sources */ = {
			isa = PBXSourcesBuildPhase;
			buildActionMask = 2147483647;
			files = (
				F4B7553B20BDA97F00B9FFCB /* events.cpp in Sources */,
				F462E25F20B912B4002D3A62 /* main.cpp in Sources */,
				F462E26920BB3BC3002D3A62 /* MarketDataFrame.cpp in Sources */,
				840CF1DC20B9FC2000CFC546 /* YahooFinanceCSVReader.cpp in Sources */,
				F4B7553820BDA07A00B9FFCB /* data.cpp in Sources */,
			);
			runOnlyForDeploymentPostprocessing = 0;
		};
/* End PBXSourcesBuildPhase section */

/* Begin XCBuildConfiguration section */
		F462E26020B912B4002D3A62 /* Debug */ = {
			isa = XCBuildConfiguration;
			buildSettings = {
				ALWAYS_SEARCH_USER_PATHS = NO;
				CLANG_ANALYZER_NONNULL = YES;
				CLANG_ANALYZER_NUMBER_OBJECT_CONVERSION = YES_AGGRESSIVE;
				CLANG_CXX_LANGUAGE_STANDARD = "gnu++14";
				CLANG_CXX_LIBRARY = "libc++";
				CLANG_ENABLE_MODULES = YES;
				CLANG_ENABLE_OBJC_ARC = YES;
				CLANG_ENABLE_OBJC_WEAK = YES;
				CLANG_WARN_BLOCK_CAPTURE_AUTORELEASING = YES;
				CLANG_WARN_BOOL_CONVERSION = YES;
				CLANG_WARN_COMMA = YES;
				CLANG_WARN_CONSTANT_CONVERSION = YES;
				CLANG_WARN_DEPRECATED_OBJC_IMPLEMENTATIONS = YES;
				CLANG_WARN_DIRECT_OBJC_ISA_USAGE = YES_ERROR;
				CLANG_WARN_DOCUMENTATION_COMMENTS = YES;
				CLANG_WARN_EMPTY_BODY = YES;
				CLANG_WARN_ENUM_CONVERSION = YES;
				CLANG_WARN_INFINITE_RECURSION = YES;
				CLANG_WARN_INT_CONVERSION = YES;
				CLANG_WARN_NON_LITERAL_NULL_CONVERSION = YES;
				CLANG_WARN_OBJC_IMPLICIT_RETAIN_SELF = YES;
				CLANG_WARN_OBJC_LITERAL_CONVERSION = YES;
				CLANG_WARN_OBJC_ROOT_CLASS = YES_ERROR;
				CLANG_WARN_RANGE_LOOP_ANALYSIS = YES;
				CLANG_WARN_STRICT_PROTOTYPES = YES;
				CLANG_WARN_SUSPICIOUS_MOVE = YES;
				CLANG_WARN_UNGUARDED_AVAILABILITY = YES_AGGRESSIVE;
				CLANG_WARN_UNREACHABLE_CODE = YES;
				CLANG_WARN__DUPLICATE_METHOD_MATCH = YES;
				CODE_SIGN_IDENTITY = "Mac Developer";
				COPY_PHASE_STRIP = NO;
				DEBUG_INFORMATION_FORMAT = dwarf;
				ENABLE_STRICT_OBJC_MSGSEND = YES;
				ENABLE_TESTABILITY = YES;
				GCC_C_LANGUAGE_STANDARD = gnu11;
				GCC_DYNAMIC_NO_PIC = NO;
				GCC_NO_COMMON_BLOCKS = YES;
				GCC_OPTIMIZATION_LEVEL = 0;
				GCC_PREPROCESSOR_DEFINITIONS = (
					"DEBUG=1",
					"$(inherited)",
				);
				GCC_WARN_64_TO_32_BIT_CONVERSION = YES;
				GCC_WARN_ABOUT_RETURN_TYPE = YES_ERROR;
				GCC_WARN_UNDECLARED_SELECTOR = YES;
				GCC_WARN_UNINITIALIZED_AUTOS = YES_AGGRESSIVE;
				GCC_WARN_UNUSED_FUNCTION = YES;
				GCC_WARN_UNUSED_VARIABLE = YES;
				MACOSX_DEPLOYMENT_TARGET = 10.13;
				MTL_ENABLE_DEBUG_INFO = YES;
				ONLY_ACTIVE_ARCH = YES;
				SDKROOT = macosx;
			};
			name = Debug;
		};
		F462E26120B912B4002D3A62 /* Release */ = {
			isa = XCBuildConfiguration;
			buildSettings = {
				ALWAYS_SEARCH_USER_PATHS = NO;
				CLANG_ANALYZER_NONNULL = YES;
				CLANG_ANALYZER_NUMBER_OBJECT_CONVERSION = YES_AGGRESSIVE;
				CLANG_CXX_LANGUAGE_STANDARD = "gnu++14";
				CLANG_CXX_LIBRARY = "libc++";
				CLANG_ENABLE_MODULES = YES;
				CLANG_ENABLE_OBJC_ARC = YES;
				CLANG_ENABLE_OBJC_WEAK = YES;
				CLANG_WARN_BLOCK_CAPTURE_AUTORELEASING = YES;
				CLANG_WARN_BOOL_CONVERSION = YES;
				CLANG_WARN_COMMA = YES;
				CLANG_WARN_CONSTANT_CONVERSION = YES;
				CLANG_WARN_DEPRECATED_OBJC_IMPLEMENTATIONS = YES;
				CLANG_WARN_DIRECT_OBJC_ISA_USAGE = YES_ERROR;
				CLANG_WARN_DOCUMENTATION_COMMENTS = YES;
				CLANG_WARN_EMPTY_BODY = YES;
				CLANG_WARN_ENUM_CONVERSION = YES;
				CLANG_WARN_INFINITE_RECURSION = YES;
				CLANG_WARN_INT_CONVERSION = YES;
				CLANG_WARN_NON_LITERAL_NULL_CONVERSION = YES;
				CLANG_WARN_OBJC_IMPLICIT_RETAIN_SELF = YES;
				CLANG_WARN_OBJC_LITERAL_CONVERSION = YES;
				CLANG_WARN_OBJC_ROOT_CLASS = YES_ERROR;
				CLANG_WARN_RANGE_LOOP_ANALYSIS = YES;
				CLANG_WARN_STRICT_PROTOTYPES = YES;
				CLANG_WARN_SUSPICIOUS_MOVE = YES;
				CLANG_WARN_UNGUARDED_AVAILABILITY = YES_AGGRESSIVE;
				CLANG_WARN_UNREACHABLE_CODE = YES;
				CLANG_WARN__DUPLICATE_METHOD_MATCH = YES;
				CODE_SIGN_IDENTITY = "Mac Developer";
				COPY_PHASE_STRIP = NO;
				DEBUG_INFORMATION_FORMAT = "dwarf-with-dsym";
				ENABLE_NS_ASSERTIONS = NO;
				ENABLE_STRICT_OBJC_MSGSEND = YES;
				GCC_C_LANGUAGE_STANDARD = gnu11;
				GCC_NO_COMMON_BLOCKS = YES;
				GCC_WARN_64_TO_32_BIT_CONVERSION = YES;
				GCC_WARN_ABOUT_RETURN_TYPE = YES_ERROR;
				GCC_WARN_UNDECLARED_SELECTOR = YES;
				GCC_WARN_UNINITIALIZED_AUTOS = YES_AGGRESSIVE;
				GCC_WARN_UNUSED_FUNCTION = YES;
				GCC_WARN_UNUSED_VARIABLE = YES;
				MACOSX_DEPLOYMENT_TARGET = 10.13;
				MTL_ENABLE_DEBUG_INFO = NO;
				SDKROOT = macosx;
			};
			name = Release;
		};
		F462E26320B912B4002D3A62 /* Debug */ = {
			isa = XCBuildConfiguration;
			buildSettings = {
				CLANG_WARN_DOCUMENTATION_COMMENTS = NO;
				CODE_SIGN_STYLE = Automatic;
				DEVELOPMENT_TEAM = Z38G8Z9XR4;
				HEADER_SEARCH_PATHS = /usr/local/Cellar/boost/1.67.0_1/include/;
				LIBRARY_SEARCH_PATHS = /usr/local/Cellar/boost/1.67.0_1/lib;
				OTHER_LDFLAGS = (
					"-lcurl",
					"-lboost_context-mt",
					"-lboost_coroutine",
					"-lboost_system",
				);
				PRODUCT_NAME = "$(TARGET_NAME)";
				USER_HEADER_SEARCH_PATHS = /usr/local/Cellar/curl/7.60.0/include/curl;
			};
			name = Debug;
		};
		F462E26420B912B4002D3A62 /* Release */ = {
			isa = XCBuildConfiguration;
			buildSettings = {
				CLANG_WARN_DOCUMENTATION_COMMENTS = NO;
				CODE_SIGN_STYLE = Automatic;
				DEVELOPMENT_TEAM = Z38G8Z9XR4;
				HEADER_SEARCH_PATHS = /usr/local/Cellar/boost/1.67.0_1/include/;
				LIBRARY_SEARCH_PATHS = /usr/local/Cellar/boost/1.67.0_1/lib;
				OTHER_LDFLAGS = (
					"-lcurl",
					"-lboost_context-mt",
					"-lboost_coroutine",
					"-lboost_system",
				);
				PRODUCT_NAME = "$(TARGET_NAME)";
				USER_HEADER_SEARCH_PATHS = /usr/local/Cellar/curl/7.60.0/include/curl;
			};
			name = Release;
		};
/* End XCBuildConfiguration section */

/* Begin XCConfigurationList section */
		F462E25620B912B4002D3A62 /* Build configuration list for PBXProject "Backtest Environment" */ = {
			isa = XCConfigurationList;
			buildConfigurations = (
				F462E26020B912B4002D3A62 /* Debug */,
				F462E26120B912B4002D3A62 /* Release */,
			);
			defaultConfigurationIsVisible = 0;
			defaultConfigurationName = Release;
		};
		F462E26220B912B4002D3A62 /* Build configuration list for PBXNativeTarget "Backtest Environment" */ = {
			isa = XCConfigurationList;
			buildConfigurations = (
				F462E26320B912B4002D3A62 /* Debug */,
				F462E26420B912B4002D3A62 /* Release */,
			);
			defaultConfigurationIsVisible = 0;
			defaultConfigurationName = Release;
		};
/* End XCConfigurationList section */
	};
	rootObject = F462E25320B912B4002D3A62 /* Project object */;
}
